{
    "version": 3,
    "terraform_version": "0.11.11",
    "serial": 6,
    "lineage": "019d7e8d-e1ea-6412-311c-babef54aa06a",
    "modules": [
        {
            "path": [
                "root"
            ],
            "outputs": {
                "bucket": {
                    "sensitive": false,
                    "type": "string",
                    "value": "khbnr-demo-tf-backend-dev"
                }
            },
            "resources": {
                "aws_s3_bucket.state_backend": {
                    "type": "aws_s3_bucket",
                    "depends_on": [],
                    "primary": {
                        "id": "khbnr-demo-tf-backend-dev",
                        "attributes": {
                            "acceleration_status": "",
                            "acl": "private",
                            "arn": "arn:aws:s3:::khbnr-demo-tf-backend-dev",
                            "bucket": "khbnr-demo-tf-backend-dev",
                            "bucket_domain_name": "khbnr-demo-tf-backend-dev.s3.amazonaws.com",
                            "bucket_regional_domain_name": "khbnr-demo-tf-backend-dev.s3.eu-central-1.amazonaws.com",
                            "cors_rule.#": "0",
                            "force_destroy": "false",
                            "hosted_zone_id": "Z21DNDUVLTQW6Q",
                            "id": "khbnr-demo-tf-backend-dev",
                            "lifecycle_rule.#": "0",
                            "logging.#": "0",
                            "object_lock_configuration.#": "0",
                            "region": "eu-central-1",
                            "replication_configuration.#": "0",
                            "request_payer": "BucketOwner",
                            "server_side_encryption_configuration.#": "0",
                            "tags.%": "2",
                            "tags.Environment": "dev",
                            "tags.Project": "khbnr_demo",
                            "versioning.#": "1",
                            "versioning.0.enabled": "false",
                            "versioning.0.mfa_delete": "false",
                            "website.#": "0"
                        },
                        "meta": {},
                        "tainted": false
                    },
                    "deposed": [],
                    "provider": "provider.aws"
                }
            },
            "depends_on": []
        }
    ]
}
